
Microsoft Visual Studio Solution File, Format Version 12.00
# Visual Studio 15
VisualStudioVersion = 15.0.27703.2018
MinimumVisualStudioVersion = 10.0.40219.1
Project("{FAE04EC0-301F-11D3-BF4B-00C04F79EFBC}") = "JoeySoft.DropIndex", "JoeySoft.DropIndex\JoeySoft.DropIndex.csproj", "{3C744A81-5834-4C88-844C-1B29691C365E}"
EndProject
Project("{FAE04EC0-301F-11D3-BF4B-00C04F79EFBC}") = "JoeySoft.DropIndexWinFrom", "JoeySoft.DropIndexWinFrom\JoeySoft.DropIndexWinFrom.csproj", "{1E6C7CA1-1D9A-476D-BCF9-801577C67693}"
EndProject
Global
	GlobalSection(SolutionConfigurationPlatforms) = preSolution
		Debug|Any CPU = Debug|Any CPU
		Release|Any CPU = Release|Any CPU
	EndGlobalSection
	GlobalSection(ProjectConfigurationPlatforms) = postSolution
		{3C744A81-5834-4C88-844C-1B29691C365E}.Debug|Any CPU.ActiveCfg = Debug|Any CPU
		{3C744A81-5834-4C88-844C-1B29691C365E}.Debug|Any CPU.Build.0 = Debug|Any CPU
		{3C744A81-5834-4C88-844C-1B29691C365E}.Release|Any CPU.ActiveCfg = Release|Any CPU
		{3C744A81-5834-4C88-844C-1B29691C365E}.Release|Any CPU.Build.0 = Release|Any CPU
		{1E6C7CA1-1D9A-476D-BCF9-801577C67693}.Debug|Any CPU.ActiveCfg = Debug|Any CPU
		{1E6C7CA1-1D9A-476D-BCF9-801577C67693}.Debug|Any CPU.Build.0 = Debug|Any CPU
		{1E6C7CA1-1D9A-476D-BCF9-801577C67693}.Release|Any CPU.ActiveCfg = Release|Any CPU
		{1E6C7CA1-1D9A-476D-BCF9-801577C67693}.Release|Any CPU.Build.0 = Release|Any CPU
	EndGlobalSection
	GlobalSection(SolutionProperties) = preSolution
		HideSolutionNode = FALSE
	EndGlobalSection
	GlobalSection(ExtensibilityGlobals) = postSolution
		SolutionGuid = {32E923D8-82E9-44AF-8839-B8DAF7C3C742}
	EndGlobalSection
EndGlobal
